
Microsoft Visual Studio Solution File, Format Version 12.00
# Visual Studio 15
VisualStudioVersion = 15.0.28010.2036
MinimumVisualStudioVersion = 10.0.40219.1
Project("{FAE04EC0-301F-11D3-BF4B-00C04F79EFBC}") = "Demo_falabella", "Demo_falabella\Demo_falabella.csproj", "{778B2BD2-FD61-4D91-91C5-1D334A1776E9}"
EndProject
Global
	GlobalSection(SolutionConfigurationPlatforms) = preSolution
		Debug|Any CPU = Debug|Any CPU
		Release|Any CPU = Release|Any CPU
	EndGlobalSection
	GlobalSection(ProjectConfigurationPlatforms) = postSolution
		{778B2BD2-FD61-4D91-91C5-1D334A1776E9}.Debug|Any CPU.ActiveCfg = Debug|Any CPU
		{778B2BD2-FD61-4D91-91C5-1D334A1776E9}.Debug|Any CPU.Build.0 = Debug|Any CPU
		{778B2BD2-FD61-4D91-91C5-1D334A1776E9}.Release|Any CPU.ActiveCfg = Release|Any CPU
		{778B2BD2-FD61-4D91-91C5-1D334A1776E9}.Release|Any CPU.Build.0 = Release|Any CPU
	EndGlobalSection
	GlobalSection(SolutionProperties) = preSolution
		HideSolutionNode = FALSE
	EndGlobalSection
	GlobalSection(ExtensibilityGlobals) = postSolution
		SolutionGuid = {C8768308-FE2D-48E4-86E3-2AC4E684E717}
	EndGlobalSection
EndGlobal
